<Solution>
  <Folder Name="/Solution Items/">
    <File Path=".env" />
    <File Path=".env.example" />
    <File Path="docker-compose.yml" />
  </Folder>
  <Folder Name="/src/">
    <Project Path="src/App.API/App.API.csproj" />
  </Folder>
  <Folder Name="/src/BuildingBlocks/">
    <Project Path="src/BuildingBlocks/BuildingBlocks.Application/BuildingBlocks.Application.csproj" />
    <Project Path="src/BuildingBlocks/BuildingBlocks.Core/BuildingBlocks.Core.csproj" Id="97e7441f-16d3-490c-be4e-dc46cceadd0b" />
    <Project Path="src/BuildingBlocks/BuildingBlocks.Infrastructure/BuildingBlocks.Infrastructure.csproj" />
  </Folder>
  <Folder Name="/src/Modules/" />
  <Folder Name="/src/Modules/Commerce/">
    <Project Path="src/Modules/Commerce/Commerce.Application/Commerce.Application.csproj" />
    <Project Path="src/Modules/Commerce/Commerce.Core/Commerce.Core.csproj" />
    <Project Path="src/Modules/Commerce/Commerce.Infrastructure/Commerce.Infrastructure.csproj" />
  </Folder>
  <Folder Name="/src/Modules/Community/">
    <Project Path="src/Modules/Community/Community.Application/Community.Application.csproj" />
    <Project Path="src/Modules/Community/Community.Core/Community.Core.csproj" />
    <Project Path="src/Modules/Community/Community.Infrastructure/Community.Infrastructure.csproj" />
  </Folder>
  <Folder Name="/src/Modules/Identity/">
    <Project Path="src/Modules/Identity/Identity.Application/Identity.Application.csproj" />
    <Project Path="src/Modules/Identity/Identity.Core/Identity.Core.csproj" />
    <Project Path="src/Modules/Identity/Identity.Infrastructure/Identity.Infrastructure.csproj" />
  </Folder>
  <Folder Name="/src/tests/" />
</Solution>
